
Microsoft Visual Studio Solution File, Format Version 12.00
# Visual Studio Version 17
VisualStudioVersion = 17.5.33502.453
MinimumVisualStudioVersion = 10.0.40219.1
Project("{FAE04EC0-301F-11D3-BF4B-00C04F79EFBC}") = "SingletonDesignPattern", "SingletonDesignPattern\SingletonDesignPattern.csproj", "{17ECBFAE-AE31-4BF1-8DBD-A21B5A458714}"
EndProject
Project("{FAE04EC0-301F-11D3-BF4B-00C04F79EFBC}") = "FactoryDesignPattern", "FactoryDesignPattern\FactoryDesignPattern.csproj", "{55D97752-8F09-4476-90A1-CCA92F4FC3F7}"
EndProject
Global
	GlobalSection(SolutionConfigurationPlatforms) = preSolution
		Debug|Any CPU = Debug|Any CPU
		Release|Any CPU = Release|Any CPU
	EndGlobalSection
	GlobalSection(ProjectConfigurationPlatforms) = postSolution
		{17ECBFAE-AE31-4BF1-8DBD-A21B5A458714}.Debug|Any CPU.ActiveCfg = Debug|Any CPU
		{17ECBFAE-AE31-4BF1-8DBD-A21B5A458714}.Debug|Any CPU.Build.0 = Debug|Any CPU
		{17ECBFAE-AE31-4BF1-8DBD-A21B5A458714}.Release|Any CPU.ActiveCfg = Release|Any CPU
		{17ECBFAE-AE31-4BF1-8DBD-A21B5A458714}.Release|Any CPU.Build.0 = Release|Any CPU
		{55D97752-8F09-4476-90A1-CCA92F4FC3F7}.Debug|Any CPU.ActiveCfg = Debug|Any CPU
		{55D97752-8F09-4476-90A1-CCA92F4FC3F7}.Debug|Any CPU.Build.0 = Debug|Any CPU
		{55D97752-8F09-4476-90A1-CCA92F4FC3F7}.Release|Any CPU.ActiveCfg = Release|Any CPU
		{55D97752-8F09-4476-90A1-CCA92F4FC3F7}.Release|Any CPU.Build.0 = Release|Any CPU
	EndGlobalSection
	GlobalSection(SolutionProperties) = preSolution
		HideSolutionNode = FALSE
	EndGlobalSection
	GlobalSection(ExtensibilityGlobals) = postSolution
		SolutionGuid = {9D7B3AFF-6362-4484-92F9-4B7C3EBFFBFB}
	EndGlobalSection
EndGlobal
